# This file is automatically @generated by Cargo.
# It is not intended for manual editing.
version = 4

[[package]]
name = "tyr-ast"
version = "0.1.0"
dependencies = [
 "tyr-common",
]

[[package]]
name = "tyr-backend"
version = "0.1.0"

[[package]]
name = "tyr-common"
version = "0.1.0"

[[package]]
name = "tyr-driver"
version = "0.1.0"

[[package]]
name = "tyr-hir"
version = "0.1.0"

[[package]]
name = "tyr-lexer"
version = "0.1.0"
dependencies = [
 "tyr-common",
]

[[package]]
name = "tyr-parser"
version = "0.1.0"
dependencies = [
 "tyr-common",
]

[[package]]
name = "tyr-sema"
version = "0.1.0"

[[package]]
name = "tyrc"
version = "0.1.0"
